
Microsoft Visual Studio Solution File, Format Version 12.00
# Visual Studio Version 17
VisualStudioVersion = 17.7.34031.279
MinimumVisualStudioVersion = 10.0.40219.1
Project("{FAE04EC0-301F-11D3-BF4B-00C04F79EFBC}") = "EduRecuperacionC", "EduRecuperacionC.csproj", "{735AAAB9-2585-4A6E-B48E-5E582076D914}"
EndProject
Global
	GlobalSection(SolutionConfigurationPlatforms) = preSolution
		Debug|Any CPU = Debug|Any CPU
		Release|Any CPU = Release|Any CPU
	EndGlobalSection
	GlobalSection(ProjectConfigurationPlatforms) = postSolution
		{735AAAB9-2585-4A6E-B48E-5E582076D914}.Debug|Any CPU.ActiveCfg = Debug|Any CPU
		{735AAAB9-2585-4A6E-B48E-5E582076D914}.Debug|Any CPU.Build.0 = Debug|Any CPU
		{735AAAB9-2585-4A6E-B48E-5E582076D914}.Release|Any CPU.ActiveCfg = Release|Any CPU
		{735AAAB9-2585-4A6E-B48E-5E582076D914}.Release|Any CPU.Build.0 = Release|Any CPU
	EndGlobalSection
	GlobalSection(SolutionProperties) = preSolution
		HideSolutionNode = FALSE
	EndGlobalSection
	GlobalSection(ExtensibilityGlobals) = postSolution
		SolutionGuid = {BDE14B9F-3841-409C-9693-D5BC83CCE319}
	EndGlobalSection
EndGlobal
